// !$*UTF8*$!
{
	archiveVersion = 1;
	classes = {
	};
	objectVersion = 56;
	objects = {

/* Begin PBXBuildFile section */
		51A85D0C290D7AB80003D90D /* AppDelegate.swift in Sources */ = {isa = PBXBuildFile; fileRef = 51A85D0B290D7AB80003D90D /* AppDelegate.swift */; };
		51A85D0E290D7AB80003D90D /* SceneDelegate.swift in Sources */ = {isa = PBXBuildFile; fileRef = 51A85D0D290D7AB80003D90D /* SceneDelegate.swift */; };
		51A85D10290D7AB80003D90D /* ViewController.swift in Sources */ = {isa = PBXBuildFile; fileRef = 51A85D0F290D7AB80003D90D /* ViewController.swift */; };
		51A85D13290D7AB80003D90D /* Main.storyboard in Resources */ = {isa = PBXBuildFile; fileRef = 51A85D11290D7AB80003D90D /* Main.storyboard */; };
		51A85D15290D7AB90003D90D /* Assets.xcassets in Resources */ = {isa = PBXBuildFile; fileRef = 51A85D14290D7AB90003D90D /* Assets.xcassets */; };
		51A85D18290D7AB90003D90D /* LaunchScreen.storyboard in Resources */ = {isa = PBXBuildFile; fileRef = 51A85D16290D7AB90003D90D /* LaunchScreen.storyboard */; };
		51A85D21290D7E390003D90D /* MNGradientColorPicker in Frameworks */ = {isa = PBXBuildFile; productRef = 51A85D20290D7E390003D90D /* MNGradientColorPicker */; };
		51A85D23290D7F070003D90D /* SelectedColorPreviewView.swift in Sources */ = {isa = PBXBuildFile; fileRef = 51A85D22290D7F070003D90D /* SelectedColorPreviewView.swift */; };
/* End PBXBuildFile section */

/* Begin PBXFileReference section */
		51A85D08290D7AB80003D90D /* MNGradientColorPicker-UIKit.app */ = {isa = PBXFileReference; explicitFileType = wrapper.application; includeInIndex = 0; path = "MNGradientColorPicker-UIKit.app"; sourceTree = BUILT_PRODUCTS_DIR; };
		51A85D0B290D7AB80003D90D /* AppDelegate.swift */ = {isa = PBXFileReference; lastKnownFileType = sourcecode.swift; path = AppDelegate.swift; sourceTree = "<group>"; };
		51A85D0D290D7AB80003D90D /* SceneDelegate.swift */ = {isa = PBXFileReference; lastKnownFileType = sourcecode.swift; path = SceneDelegate.swift; sourceTree = "<group>"; };
		51A85D0F290D7AB80003D90D /* ViewController.swift */ = {isa = PBXFileReference; lastKnownFileType = sourcecode.swift; path = ViewController.swift; sourceTree = "<group>"; };
		51A85D12290D7AB80003D90D /* Base */ = {isa = PBXFileReference; lastKnownFileType = file.storyboard; name = Base; path = Base.lproj/Main.storyboard; sourceTree = "<group>"; };
		51A85D14290D7AB90003D90D /* Assets.xcassets */ = {isa = PBXFileReference; lastKnownFileType = folder.assetcatalog; path = Assets.xcassets; sourceTree = "<group>"; };
		51A85D17290D7AB90003D90D /* Base */ = {isa = PBXFileReference; lastKnownFileType = file.storyboard; name = Base; path = Base.lproj/LaunchScreen.storyboard; sourceTree = "<group>"; };
		51A85D19290D7AB90003D90D /* Info.plist */ = {isa = PBXFileReference; lastKnownFileType = text.plist.xml; path = Info.plist; sourceTree = "<group>"; };
		51A85D22290D7F070003D90D /* SelectedColorPreviewView.swift */ = {isa = PBXFileReference; lastKnownFileType = sourcecode.swift; path = SelectedColorPreviewView.swift; sourceTree = "<group>"; };
/* End PBXFileReference section */

/* Begin PBXFrameworksBuildPhase section */
		51A85D05290D7AB80003D90D /* Frameworks */ = {
			isa = PBXFrameworksBuildPhase;
			buildActionMask = 2147483647;
			files = (
				51A85D21290D7E390003D90D /* MNGradientColorPicker in Frameworks */,
			);
			runOnlyForDeploymentPostprocessing = 0;
		};
/* End PBXFrameworksBuildPhase section */

/* Begin PBXGroup section */
		51A85CFF290D7AB80003D90D = {
			isa = PBXGroup;
			children = (
				51A85D0A290D7AB80003D90D /* MNGradientColorPicker-UIKit */,
				51A85D09290D7AB80003D90D /* Products */,
			);
			sourceTree = "<group>";
		};
		51A85D09290D7AB80003D90D /* Products */ = {
			isa = PBXGroup;
			children = (
				51A85D08290D7AB80003D90D /* MNGradientColorPicker-UIKit.app */,
			);
			name = Products;
			sourceTree = "<group>";
		};
		51A85D0A290D7AB80003D90D /* MNGradientColorPicker-UIKit */ = {
			isa = PBXGroup;
			children = (
				51A85D0B290D7AB80003D90D /* AppDelegate.swift */,
				51A85D0D290D7AB80003D90D /* SceneDelegate.swift */,
				51A85D22290D7F070003D90D /* SelectedColorPreviewView.swift */,
				51A85D0F290D7AB80003D90D /* ViewController.swift */,
				51A85D11290D7AB80003D90D /* Main.storyboard */,
				51A85D14290D7AB90003D90D /* Assets.xcassets */,
				51A85D16290D7AB90003D90D /* LaunchScreen.storyboard */,
				51A85D19290D7AB90003D90D /* Info.plist */,
			);
			path = "MNGradientColorPicker-UIKit";
			sourceTree = "<group>";
		};
/* End PBXGroup section */

/* Begin PBXNativeTarget section */
		51A85D07290D7AB80003D90D /* MNGradientColorPicker-UIKit */ = {
			isa = PBXNativeTarget;
			buildConfigurationList = 51A85D1C290D7AB90003D90D /* Build configuration list for PBXNativeTarget "MNGradientColorPicker-UIKit" */;
			buildPhases = (
				51A85D04290D7AB80003D90D /* Sources */,
				51A85D05290D7AB80003D90D /* Frameworks */,
				51A85D06290D7AB80003D90D /* Resources */,
			);
			buildRules = (
			);
			dependencies = (
			);
			name = "MNGradientColorPicker-UIKit";
			packageProductDependencies = (
				51A85D20290D7E390003D90D /* MNGradientColorPicker */,
			);
			productName = "MNGradientColorPicker-UIKit";
			productReference = 51A85D08290D7AB80003D90D /* MNGradientColorPicker-UIKit.app */;
			productType = "com.apple.product-type.application";
		};
/* End PBXNativeTarget section */

/* Begin PBXProject section */
		51A85D00290D7AB80003D90D /* Project object */ = {
			isa = PBXProject;
			attributes = {
				BuildIndependentTargetsInParallel = 1;
				LastSwiftUpdateCheck = 1410;
				LastUpgradeCheck = 1410;
				TargetAttributes = {
					51A85D07290D7AB80003D90D = {
						CreatedOnToolsVersion = 14.1;
					};
				};
			};
			buildConfigurationList = 51A85D03290D7AB80003D90D /* Build configuration list for PBXProject "MNGradientColorPicker-UIKit" */;
			compatibilityVersion = "Xcode 14.0";
			developmentRegion = en;
			hasScannedForEncodings = 0;
			knownRegions = (
				en,
				Base,
			);
			mainGroup = 51A85CFF290D7AB80003D90D;
			packageReferences = (
				51A85D1F290D7E390003D90D /* XCRemoteSwiftPackageReference "MNGradientColorPicker" */,
			);
			productRefGroup = 51A85D09290D7AB80003D90D /* Products */;
			projectDirPath = "";
			projectRoot = "";
			targets = (
				51A85D07290D7AB80003D90D /* MNGradientColorPicker-UIKit */,
			);
		};
/* End PBXProject section */

/* Begin PBXResourcesBuildPhase section */
		51A85D06290D7AB80003D90D /* Resources */ = {
			isa = PBXResourcesBuildPhase;
			buildActionMask = 2147483647;
			files = (
				51A85D18290D7AB90003D90D /* LaunchScreen.storyboard in Resources */,
				51A85D15290D7AB90003D90D /* Assets.xcassets in Resources */,
				51A85D13290D7AB80003D90D /* Main.storyboard in Resources */,
			);
			runOnlyForDeploymentPostprocessing = 0;
		};
/* End PBXResourcesBuildPhase section */

/* Begin PBXSourcesBuildPhase section */
		51A85D04290D7AB80003D90D /* Sources */ = {
			isa = PBXSourcesBuildPhase;
			buildActionMask = 2147483647;
			files = (
				51A85D10290D7AB80003D90D /* ViewController.swift in Sources */,
				51A85D0C290D7AB80003D90D /* AppDelegate.swift in Sources */,
				51A85D23290D7F070003D90D /* SelectedColorPreviewView.swift in Sources */,
				51A85D0E290D7AB80003D90D /* SceneDelegate.swift in Sources */,
			);
			runOnlyForDeploymentPostprocessing = 0;
		};
/* End PBXSourcesBuildPhase section */

/* Begin PBXVariantGroup section */
		51A85D11290D7AB80003D90D /* Main.storyboard */ = {
			isa = PBXVariantGroup;
			children = (
				51A85D12290D7AB80003D90D /* Base */,
			);
			name = Main.storyboard;
			sourceTree = "<group>";
		};
		51A85D16290D7AB90003D90D /* LaunchScreen.storyboard */ = {
			isa = PBXVariantGroup;
			children = (
				51A85D17290D7AB90003D90D /* Base */,
			);
			name = LaunchScreen.storyboard;
			sourceTree = "<group>";
		};
/* End PBXVariantGroup section */

/* Begin XCBuildConfiguration section */
		51A85D1A290D7AB90003D90D /* Debug */ = {
			isa = XCBuildConfiguration;
			buildSettings = {
				ALWAYS_SEARCH_USER_PATHS = NO;
				CLANG_ANALYZER_NONNULL = YES;
				CLANG_ANALYZER_NUMBER_OBJECT_CONVERSION = YES_AGGRESSIVE;
				CLANG_CXX_LANGUAGE_STANDARD = "gnu++20";
				CLANG_ENABLE_MODULES = YES;
				CLANG_ENABLE_OBJC_ARC = YES;
				CLANG_ENABLE_OBJC_WEAK = YES;
				CLANG_WARN_BLOCK_CAPTURE_AUTORELEASING = YES;
				CLANG_WARN_BOOL_CONVERSION = YES;
				CLANG_WARN_COMMA = YES;
				CLANG_WARN_CONSTANT_CONVERSION = YES;
				CLANG_WARN_DEPRECATED_OBJC_IMPLEMENTATIONS = YES;
				CLANG_WARN_DIRECT_OBJC_ISA_USAGE = YES_ERROR;
				CLANG_WARN_DOCUMENTATION_COMMENTS = YES;
				CLANG_WARN_EMPTY_BODY = YES;
				CLANG_WARN_ENUM_CONVERSION = YES;
				CLANG_WARN_INFINITE_RECURSION = YES;
				CLANG_WARN_INT_CONVERSION = YES;
				CLANG_WARN_NON_LITERAL_NULL_CONVERSION = YES;
				CLANG_WARN_OBJC_IMPLICIT_RETAIN_SELF = YES;
				CLANG_WARN_OBJC_LITERAL_CONVERSION = YES;
				CLANG_WARN_OBJC_ROOT_CLASS = YES_ERROR;
				CLANG_WARN_QUOTED_INCLUDE_IN_FRAMEWORK_HEADER = YES;
				CLANG_WARN_RANGE_LOOP_ANALYSIS = YES;
				CLANG_WARN_STRICT_PROTOTYPES = YES;
				CLANG_WARN_SUSPICIOUS_MOVE = YES;
				CLANG_WARN_UNGUARDED_AVAILABILITY = YES_AGGRESSIVE;
				CLANG_WARN_UNREACHABLE_CODE = YES;
				CLANG_WARN__DUPLICATE_METHOD_MATCH = YES;
				COPY_PHASE_STRIP = NO;
				DEBUG_INFORMATION_FORMAT = dwarf;
				ENABLE_STRICT_OBJC_MSGSEND = YES;
				ENABLE_TESTABILITY = YES;
				GCC_C_LANGUAGE_STANDARD = gnu11;
				GCC_DYNAMIC_NO_PIC = NO;
				GCC_NO_COMMON_BLOCKS = YES;
				GCC_OPTIMIZATION_LEVEL = 0;
				GCC_PREPROCESSOR_DEFINITIONS = (
					"DEBUG=1",
					"$(inherited)",
				);
				GCC_WARN_64_TO_32_BIT_CONVERSION = YES;
				GCC_WARN_ABOUT_RETURN_TYPE = YES_ERROR;
				GCC_WARN_UNDECLARED_SELECTOR = YES;
				GCC_WARN_UNINITIALIZED_AUTOS = YES_AGGRESSIVE;
				GCC_WARN_UNUSED_FUNCTION = YES;
				GCC_WARN_UNUSED_VARIABLE = YES;
				IPHONEOS_DEPLOYMENT_TARGET = 16.1;
				MTL_ENABLE_DEBUG_INFO = INCLUDE_SOURCE;
				MTL_FAST_MATH = YES;
				ONLY_ACTIVE_ARCH = YES;
				SDKROOT = iphoneos;
				SWIFT_ACTIVE_COMPILATION_CONDITIONS = DEBUG;
				SWIFT_OPTIMIZATION_LEVEL = "-Onone";
			};
			name = Debug;
		};
		51A85D1B290D7AB90003D90D /* Release */ = {
			isa = XCBuildConfiguration;
			buildSettings = {
				ALWAYS_SEARCH_USER_PATHS = NO;
				CLANG_ANALYZER_NONNULL = YES;
				CLANG_ANALYZER_NUMBER_OBJECT_CONVERSION = YES_AGGRESSIVE;
				CLANG_CXX_LANGUAGE_STANDARD = "gnu++20";
				CLANG_ENABLE_MODULES = YES;
				CLANG_ENABLE_OBJC_ARC = YES;
				CLANG_ENABLE_OBJC_WEAK = YES;
				CLANG_WARN_BLOCK_CAPTURE_AUTORELEASING = YES;
				CLANG_WARN_BOOL_CONVERSION = YES;
				CLANG_WARN_COMMA = YES;
				CLANG_WARN_CONSTANT_CONVERSION = YES;
				CLANG_WARN_DEPRECATED_OBJC_IMPLEMENTATIONS = YES;
				CLANG_WARN_DIRECT_OBJC_ISA_USAGE = YES_ERROR;
				CLANG_WARN_DOCUMENTATION_COMMENTS = YES;
				CLANG_WARN_EMPTY_BODY = YES;
				CLANG_WARN_ENUM_CONVERSION = YES;
				CLANG_WARN_INFINITE_RECURSION = YES;
				CLANG_WARN_INT_CONVERSION = YES;
				CLANG_WARN_NON_LITERAL_NULL_CONVERSION = YES;
				CLANG_WARN_OBJC_IMPLICIT_RETAIN_SELF = YES;
				CLANG_WARN_OBJC_LITERAL_CONVERSION = YES;
				CLANG_WARN_OBJC_ROOT_CLASS = YES_ERROR;
				CLANG_WARN_QUOTED_INCLUDE_IN_FRAMEWORK_HEADER = YES;
				CLANG_WARN_RANGE_LOOP_ANALYSIS = YES;
				CLANG_WARN_STRICT_PROTOTYPES = YES;
				CLANG_WARN_SUSPICIOUS_MOVE = YES;
				CLANG_WARN_UNGUARDED_AVAILABILITY = YES_AGGRESSIVE;
				CLANG_WARN_UNREACHABLE_CODE = YES;
				CLANG_WARN__DUPLICATE_METHOD_MATCH = YES;
				COPY_PHASE_STRIP = NO;
				DEBUG_INFORMATION_FORMAT = "dwarf-with-dsym";
				ENABLE_NS_ASSERTIONS = NO;
				ENABLE_STRICT_OBJC_MSGSEND = YES;
				GCC_C_LANGUAGE_STANDARD = gnu11;
				GCC_NO_COMMON_BLOCKS = YES;
				GCC_WARN_64_TO_32_BIT_CONVERSION = YES;
				GCC_WARN_ABOUT_RETURN_TYPE = YES_ERROR;
				GCC_WARN_UNDECLARED_SELECTOR = YES;
				GCC_WARN_UNINITIALIZED_AUTOS = YES_AGGRESSIVE;
				GCC_WARN_UNUSED_FUNCTION = YES;
				GCC_WARN_UNUSED_VARIABLE = YES;
				IPHONEOS_DEPLOYMENT_TARGET = 16.1;
				MTL_ENABLE_DEBUG_INFO = NO;
				MTL_FAST_MATH = YES;
				SDKROOT = iphoneos;
				SWIFT_COMPILATION_MODE = wholemodule;
				SWIFT_OPTIMIZATION_LEVEL = "-O";
				VALIDATE_PRODUCT = YES;
			};
			name = Release;
		};
		51A85D1D290D7AB90003D90D /* Debug */ = {
			isa = XCBuildConfiguration;
			buildSettings = {
				ASSETCATALOG_COMPILER_APPICON_NAME = AppIcon;
				ASSETCATALOG_COMPILER_GLOBAL_ACCENT_COLOR_NAME = AccentColor;
				CODE_SIGN_STYLE = Automatic;
				CURRENT_PROJECT_VERSION = 1;
				GENERATE_INFOPLIST_FILE = YES;
				INFOPLIST_FILE = "MNGradientColorPicker-UIKit/Info.plist";
				INFOPLIST_KEY_UIApplicationSupportsIndirectInputEvents = YES;
				INFOPLIST_KEY_UILaunchStoryboardName = LaunchScreen;
				INFOPLIST_KEY_UIMainStoryboardFile = Main;
				INFOPLIST_KEY_UISupportedInterfaceOrientations_iPad = "UIInterfaceOrientationPortrait UIInterfaceOrientationPortraitUpsideDown UIInterfaceOrientationLandscapeLeft UIInterfaceOrientationLandscapeRight";
				INFOPLIST_KEY_UISupportedInterfaceOrientations_iPhone = "UIInterfaceOrientationPortrait UIInterfaceOrientationLandscapeLeft UIInterfaceOrientationLandscapeRight";
				LD_RUNPATH_SEARCH_PATHS = (
					"$(inherited)",
					"@executable_path/Frameworks",
				);
				MARKETING_VERSION = 1.0;
				PRODUCT_BUNDLE_IDENTIFIER = "com.example.MNGradientColorPicker-UIKit";
				PRODUCT_NAME = "$(TARGET_NAME)";
				SUPPORTED_PLATFORMS = "iphoneos iphonesimulator";
				SUPPORTS_MACCATALYST = NO;
				SUPPORTS_MAC_DESIGNED_FOR_IPHONE_IPAD = NO;
				SWIFT_EMIT_LOC_STRINGS = YES;
				SWIFT_VERSION = 5.0;
				TARGETED_DEVICE_FAMILY = "1,2";
			};
			name = Debug;
		};
		51A85D1E290D7AB90003D90D /* Release */ = {
			isa = XCBuildConfiguration;
			buildSettings = {
				ASSETCATALOG_COMPILER_APPICON_NAME = AppIcon;
				ASSETCATALOG_COMPILER_GLOBAL_ACCENT_COLOR_NAME = AccentColor;
				CODE_SIGN_STYLE = Automatic;
				CURRENT_PROJECT_VERSION = 1;
				GENERATE_INFOPLIST_FILE = YES;
				INFOPLIST_FILE = "MNGradientColorPicker-UIKit/Info.plist";
				INFOPLIST_KEY_UIApplicationSupportsIndirectInputEvents = YES;
				INFOPLIST_KEY_UILaunchStoryboardName = LaunchScreen;
				INFOPLIST_KEY_UIMainStoryboardFile = Main;
				INFOPLIST_KEY_UISupportedInterfaceOrientations_iPad = "UIInterfaceOrientationPortrait UIInterfaceOrientationPortraitUpsideDown UIInterfaceOrientationLandscapeLeft UIInterfaceOrientationLandscapeRight";
				INFOPLIST_KEY_UISupportedInterfaceOrientations_iPhone = "UIInterfaceOrientationPortrait UIInterfaceOrientationLandscapeLeft UIInterfaceOrientationLandscapeRight";
				LD_RUNPATH_SEARCH_PATHS = (
					"$(inherited)",
					"@executable_path/Frameworks",
				);
				MARKETING_VERSION = 1.0;
				PRODUCT_BUNDLE_IDENTIFIER = "com.example.MNGradientColorPicker-UIKit";
				PRODUCT_NAME = "$(TARGET_NAME)";
				SUPPORTED_PLATFORMS = "iphoneos iphonesimulator";
				SUPPORTS_MACCATALYST = NO;
				SUPPORTS_MAC_DESIGNED_FOR_IPHONE_IPAD = NO;
				SWIFT_EMIT_LOC_STRINGS = YES;
				SWIFT_VERSION = 5.0;
				TARGETED_DEVICE_FAMILY = "1,2";
			};
			name = Release;
		};
/* End XCBuildConfiguration section */

/* Begin XCConfigurationList section */
		51A85D03290D7AB80003D90D /* Build configuration list for PBXProject "MNGradientColorPicker-UIKit" */ = {
			isa = XCConfigurationList;
			buildConfigurations = (
				51A85D1A290D7AB90003D90D /* Debug */,
				51A85D1B290D7AB90003D90D /* Release */,
			);
			defaultConfigurationIsVisible = 0;
			defaultConfigurationName = Release;
		};
		51A85D1C290D7AB90003D90D /* Build configuration list for PBXNativeTarget "MNGradientColorPicker-UIKit" */ = {
			isa = XCConfigurationList;
			buildConfigurations = (
				51A85D1D290D7AB90003D90D /* Debug */,
				51A85D1E290D7AB90003D90D /* Release */,
			);
			defaultConfigurationIsVisible = 0;
			defaultConfigurationName = Release;
		};
/* End XCConfigurationList section */

/* Begin XCRemoteSwiftPackageReference section */
		51A85D1F290D7E390003D90D /* XCRemoteSwiftPackageReference "MNGradientColorPicker" */ = {
			isa = XCRemoteSwiftPackageReference;
			repositoryURL = "https://github.com/mohitnandwani/MNGradientColorPicker";
			requirement = {
				branch = development;
				kind = branch;
			};
		};
/* End XCRemoteSwiftPackageReference section */

/* Begin XCSwiftPackageProductDependency section */
		51A85D20290D7E390003D90D /* MNGradientColorPicker */ = {
			isa = XCSwiftPackageProductDependency;
			package = 51A85D1F290D7E390003D90D /* XCRemoteSwiftPackageReference "MNGradientColorPicker" */;
			productName = MNGradientColorPicker;
		};
/* End XCSwiftPackageProductDependency section */
	};
	rootObject = 51A85D00290D7AB80003D90D /* Project object */;
}
