{
  "pins" : [
    {
      "identity" : "mngradientcolorpicker",
      "kind" : "remoteSourceControl",
      "location" : "https://github.com/mohitnandwani/MNGradientColorPicker",
      "state" : {
        "branch" : "development",
        "revision" : "d3c327e29abacb8b47777d3ec0ba81fd5f93b208"
      }
    }
  ],
  "version" : 2
}
