{
  "pins" : [
    {
      "identity" : "mngradientcolorpicker",
      "kind" : "remoteSourceControl",
      "location" : "https://github.com/mohitnandwani/MNGradientColorPicker",
      "state" : {
        "branch" : "development",
        "revision" : "266df265cf1b7fc56e07e2ea9e22c9f7dba679a1"
      }
    }
  ],
  "version" : 2
}
