{
  "pins" : [
    {
      "identity" : "mngradientcolorpicker",
      "kind" : "remoteSourceControl",
      "location" : "https://github.com/mohitnandwani/MNGradientColorPicker",
      "state" : {
        "branch" : "development",
        "revision" : "7996027fcb545c2bebe69c91a82e8cf2328e8421"
      }
    }
  ],
  "version" : 2
}
